<?xml version="1.0" encoding="utf-8"?>
<Project ToolsVersion="4.0" xmlns="http://schemas.microsoft.com/developer/msbuild/2003">
  <ItemGroup>
    <Filter Include="Source Files">
      <UniqueIdentifier>{4FC737F1-C7A5-4376-A066-2A32D752A2FF}</UniqueIdentifier>
      <Extensions>cpp;c;cc;cxx;c++;cppm;ixx;def;odl;idl;hpj;bat;asm;asmx</Extensions>
    </Filter>
    <Filter Include="Header Files">
      <UniqueIdentifier>{93995380-89BD-4b04-88EB-625FBE52EBFB}</UniqueIdentifier>
      <Extensions>h;hh;hpp;hxx;h++;hm;inl;inc;ipp;xsd</Extensions>
    </Filter>
    <Filter Include="Resource Files">
      <UniqueIdentifier>{67DA6AB6-F800-4c08-8B7A-83BB121AAD01}</UniqueIdentifier>
      <Extensions>rc;ico;cur;bmp;dlg;rc2;rct;bin;rgs;gif;jpg;jpeg;jpe;resx;tiff;tif;png;wav;mfcribbon-ms</Extensions>
    </Filter>
    <Filter Include="Source Files\gameObject">
      <UniqueIdentifier>{27f49ff5-e64e-472d-a5ba-c859a0c57d1d}</UniqueIdentifier>
    </Filter>
    <Filter Include="Source Files\gameManage">
      <UniqueIdentifier>{bb1803ff-0c1e-49a4-8135-9baeacb824d0}</UniqueIdentifier>
    </Filter>
    <Filter Include="Source Files\gameState">
      <UniqueIdentifier>{86d4cbdf-1778-426c-b1c3-2f985c9a9d09}</UniqueIdentifier>
    </Filter>
  </ItemGroup>
  <ItemGroup>
    <ClInclude Include="animation.h">
      <Filter>Header Files</Filter>
    </ClInclude>
    <ClInclude Include="application.h">
      <Filter>Header Files</Filter>
    </ClInclude>
    <ClInclude Include="resourceManager.h">
      <Filter>Header Files</Filter>
    </ClInclude>
    <ClInclude Include="resourceManger.h">
      <Filter>Header Files</Filter>
    </ClInclude>
    <ClInclude Include="source\gameState\GSMenu.h">
      <Filter>Header Files</Filter>
    </ClInclude>
    <ClInclude Include="source\gameState\GSSetting.h">
      <Filter>Header Files</Filter>
    </ClInclude>
    <ClInclude Include="source\gameState\GSAbout.h">
      <Filter>Header Files</Filter>
    </ClInclude>
    <ClInclude Include="source\gameState\GSHighScore.h">
      <Filter>Header Files</Filter>
    </ClInclude>
    <ClInclude Include="source\gameState\GSEnd.h">
      <Filter>Header Files</Filter>
    </ClInclude>
    <ClInclude Include="source\conector\windowConector.h">
      <Filter>Header Files</Filter>
    </ClInclude>
    <ClInclude Include="source\gameObject\gameButton.h">
      <Filter>Header Files</Filter>
    </ClInclude>
    <ClInclude Include="source\gameManage\layer.h">
      <Filter>Header Files</Filter>
    </ClInclude>
    <ClInclude Include="source\gameManage\background.h">
      <Filter>Header Files</Filter>
    </ClInclude>
    <ClInclude Include="source\gameState\gameStateBase.h">
      <Filter>Header Files</Filter>
    </ClInclude>
    <ClInclude Include="source\gameManage\resourceManage.h">
      <Filter>Header Files</Filter>
    </ClInclude>
    <ClInclude Include="source\gameManage\singleton.h">
      <Filter>Header Files</Filter>
    </ClInclude>
    <ClInclude Include="source\gameState\GSPlay.h">
      <Filter>Header Files</Filter>
    </ClInclude>
    <ClInclude Include="source\gameObject\animation.h">
      <Filter>Header Files</Filter>
    </ClInclude>
    <ClInclude Include="source\gameState\GSIntro.h">
      <Filter>Header Files</Filter>
    </ClInclude>
    <ClInclude Include="source\gameState\stateStack.h">
      <Filter>Header Files</Filter>
    </ClInclude>
    <ClInclude Include="source\application.h">
      <Filter>Header Files</Filter>
    </ClInclude>
    <ClInclude Include="source\gameObject\Iplayer.h">
      <Filter>Header Files</Filter>
    </ClInclude>
  </ItemGroup>
  <ItemGroup>
    <ClCompile Include="source\application.cpp">
      <Filter>Source Files</Filter>
    </ClCompile>
    <ClCompile Include="source\gameObject\animation.cpp">
      <Filter>Source Files\gameObject</Filter>
    </ClCompile>
    <ClCompile Include="source\gameManage\resourceManage.cpp">
      <Filter>Source Files\gameManage</Filter>
    </ClCompile>
    <ClCompile Include="source\gameState\gameStateBase.cpp">
      <Filter>Source Files\gameState</Filter>
    </ClCompile>
    <ClCompile Include="milok.cpp">
      <Filter>Source Files</Filter>
    </ClCompile>
    <ClCompile Include="source\gameState\GSIntro.cpp">
      <Filter>Source Files\gameState</Filter>
    </ClCompile>
    <ClCompile Include="source\gameState\stateStack.cpp">
      <Filter>Source Files\gameState</Filter>
    </ClCompile>
    <ClCompile Include="source\gameState\GSMenu.cpp">
      <Filter>Source Files\gameState</Filter>
    </ClCompile>
    <ClCompile Include="source\gameState\GSPlay.cpp">
      <Filter>Source Files\gameState</Filter>
    </ClCompile>
    <ClCompile Include="source\gameState\GSSetting.cpp">
      <Filter>Source Files\gameState</Filter>
    </ClCompile>
    <ClCompile Include="source\gameState\GSAbout.cpp">
      <Filter>Source Files\gameState</Filter>
    </ClCompile>
    <ClCompile Include="source\gameState\GSEnd.cpp">
      <Filter>Source Files</Filter>
    </ClCompile>
    <ClCompile Include="source\gameState\GSHighScore.cpp">
      <Filter>Source Files</Filter>
    </ClCompile>
    <ClCompile Include="source\conector\windowConector.cpp">
      <Filter>Source Files</Filter>
    </ClCompile>
    <ClCompile Include="source\gameObject\gameButton.cpp">
      <Filter>Source Files</Filter>
    </ClCompile>
    <ClCompile Include="source\gameManage\layer.cpp">
      <Filter>Source Files</Filter>
    </ClCompile>
    <ClCompile Include="source\gameManage\background.cpp">
      <Filter>Source Files</Filter>
    </ClCompile>
    <ClCompile Include="source\gameObject\characterStateBase.h">
      <Filter>Source Files</Filter>
    </ClCompile>
    <ClCompile Include="source\gameObject\playerState.h">
      <Filter>Source Files</Filter>
    </ClCompile>
  </ItemGroup>
</Project>